{
  "version": "3",
  "packages": {
    "specifiers": {
      "jsr:@std/assert@1.0.0-rc.2": "jsr:@std/assert@1.0.0-rc.2",
      "jsr:@std/assert@^0.226.0": "jsr:@std/assert@0.226.0",
      "jsr:@std/expect@^0.224.5": "jsr:@std/expect@0.224.5",
      "jsr:@std/fs@^0.229.3": "jsr:@std/fs@0.229.3",
      "jsr:@std/internal@^1.0.0": "jsr:@std/internal@1.0.1",
      "jsr:@std/path@1.0.0-rc.1": "jsr:@std/path@1.0.0-rc.1",
      "jsr:@std/path@^0.225.2": "jsr:@std/path@0.225.2",
      "npm:@types/node": "npm:@types/node@18.16.19",
      "npm:glob@^10.4.2": "npm:glob@10.4.2",
      "npm:vite": "npm:vite@5.3.3_@types+node@18.16.19",
      "npm:vite@^5.3.3": "npm:vite@5.3.3_@types+node@18.16.19",
      "npm:which": "npm:which@4.0.0",
      "npm:which@^4.0.0": "npm:which@4.0.0"
    },
    "jsr": {
      "@std/assert@0.226.0": {
        "integrity": "0dfb5f7c7723c18cec118e080fec76ce15b4c31154b15ad2bd74822603ef75b3",
        "dependencies": [
          "jsr:@std/internal@^1.0.0"
        ]
      },
      "@std/assert@1.0.0-rc.2": {
        "integrity": "0484eab1d76b55fca1c3beaff485a274e67dd3b9f065edcbe70030dfc0b964d3",
        "dependencies": [
          "jsr:@std/internal@^1.0.0"
        ]
      },
      "@std/expect@0.224.5": {
        "integrity": "ae6e57ee6f23a2fd5ae130cb84448eef182354cb902e1a2a98d64c72ac3a5a1c",
        "dependencies": [
          "jsr:@std/assert@1.0.0-rc.2",
          "jsr:@std/internal@^1.0.0"
        ]
      },
      "@std/fs@0.229.3": {
        "integrity": "783bca21f24da92e04c3893c9e79653227ab016c48e96b3078377ebd5222e6eb",
        "dependencies": [
          "jsr:@std/path@1.0.0-rc.1"
        ]
      },
      "@std/internal@1.0.1": {
        "integrity": "6f8c7544d06a11dd256c8d6ba54b11ed870aac6c5aeafff499892662c57673e6"
      },
      "@std/path@0.225.2": {
        "integrity": "0f2db41d36b50ef048dcb0399aac720a5348638dd3cb5bf80685bf2a745aa506",
        "dependencies": [
          "jsr:@std/assert@^0.226.0"
        ]
      },
      "@std/path@1.0.0-rc.1": {
        "integrity": "b8c00ae2f19106a6bb7cbf1ab9be52aa70de1605daeb2dbdc4f87a7cbaf10ff6"
      }
    },
    "npm": {
      "@esbuild/aix-ppc64@0.21.5": {
        "integrity": "sha512-1SDgH6ZSPTlggy1yI6+Dbkiz8xzpHJEVAlF/AM1tHPLsf5STom9rwtjE4hKAF20FfXXNTFqEYXyJNWh1GiZedQ==",
        "dependencies": {}
      },
      "@esbuild/android-arm64@0.21.5": {
        "integrity": "sha512-c0uX9VAUBQ7dTDCjq+wdyGLowMdtR/GoC2U5IYk/7D1H1JYC0qseD7+11iMP2mRLN9RcCMRcjC4YMclCzGwS/A==",
        "dependencies": {}
      },
      "@esbuild/android-arm@0.21.5": {
        "integrity": "sha512-vCPvzSjpPHEi1siZdlvAlsPxXl7WbOVUBBAowWug4rJHb68Ox8KualB+1ocNvT5fjv6wpkX6o/iEpbDrf68zcg==",
        "dependencies": {}
      },
      "@esbuild/android-x64@0.21.5": {
        "integrity": "sha512-D7aPRUUNHRBwHxzxRvp856rjUHRFW1SdQATKXH2hqA0kAZb1hKmi02OpYRacl0TxIGz/ZmXWlbZgjwWYaCakTA==",
        "dependencies": {}
      },
      "@esbuild/darwin-arm64@0.21.5": {
        "integrity": "sha512-DwqXqZyuk5AiWWf3UfLiRDJ5EDd49zg6O9wclZ7kUMv2WRFr4HKjXp/5t8JZ11QbQfUS6/cRCKGwYhtNAY88kQ==",
        "dependencies": {}
      },
      "@esbuild/darwin-x64@0.21.5": {
        "integrity": "sha512-se/JjF8NlmKVG4kNIuyWMV/22ZaerB+qaSi5MdrXtd6R08kvs2qCN4C09miupktDitvh8jRFflwGFBQcxZRjbw==",
        "dependencies": {}
      },
      "@esbuild/freebsd-arm64@0.21.5": {
        "integrity": "sha512-5JcRxxRDUJLX8JXp/wcBCy3pENnCgBR9bN6JsY4OmhfUtIHe3ZW0mawA7+RDAcMLrMIZaf03NlQiX9DGyB8h4g==",
        "dependencies": {}
      },
      "@esbuild/freebsd-x64@0.21.5": {
        "integrity": "sha512-J95kNBj1zkbMXtHVH29bBriQygMXqoVQOQYA+ISs0/2l3T9/kj42ow2mpqerRBxDJnmkUDCaQT/dfNXWX/ZZCQ==",
        "dependencies": {}
      },
      "@esbuild/linux-arm64@0.21.5": {
        "integrity": "sha512-ibKvmyYzKsBeX8d8I7MH/TMfWDXBF3db4qM6sy+7re0YXya+K1cem3on9XgdT2EQGMu4hQyZhan7TeQ8XkGp4Q==",
        "dependencies": {}
      },
      "@esbuild/linux-arm@0.21.5": {
        "integrity": "sha512-bPb5AHZtbeNGjCKVZ9UGqGwo8EUu4cLq68E95A53KlxAPRmUyYv2D6F0uUI65XisGOL1hBP5mTronbgo+0bFcA==",
        "dependencies": {}
      },
      "@esbuild/linux-ia32@0.21.5": {
        "integrity": "sha512-YvjXDqLRqPDl2dvRODYmmhz4rPeVKYvppfGYKSNGdyZkA01046pLWyRKKI3ax8fbJoK5QbxblURkwK/MWY18Tg==",
        "dependencies": {}
      },
      "@esbuild/linux-loong64@0.21.5": {
        "integrity": "sha512-uHf1BmMG8qEvzdrzAqg2SIG/02+4/DHB6a9Kbya0XDvwDEKCoC8ZRWI5JJvNdUjtciBGFQ5PuBlpEOXQj+JQSg==",
        "dependencies": {}
      },
      "@esbuild/linux-mips64el@0.21.5": {
        "integrity": "sha512-IajOmO+KJK23bj52dFSNCMsz1QP1DqM6cwLUv3W1QwyxkyIWecfafnI555fvSGqEKwjMXVLokcV5ygHW5b3Jbg==",
        "dependencies": {}
      },
      "@esbuild/linux-ppc64@0.21.5": {
        "integrity": "sha512-1hHV/Z4OEfMwpLO8rp7CvlhBDnjsC3CttJXIhBi+5Aj5r+MBvy4egg7wCbe//hSsT+RvDAG7s81tAvpL2XAE4w==",
        "dependencies": {}
      },
      "@esbuild/linux-riscv64@0.21.5": {
        "integrity": "sha512-2HdXDMd9GMgTGrPWnJzP2ALSokE/0O5HhTUvWIbD3YdjME8JwvSCnNGBnTThKGEB91OZhzrJ4qIIxk/SBmyDDA==",
        "dependencies": {}
      },
      "@esbuild/linux-s390x@0.21.5": {
        "integrity": "sha512-zus5sxzqBJD3eXxwvjN1yQkRepANgxE9lgOW2qLnmr8ikMTphkjgXu1HR01K4FJg8h1kEEDAqDcZQtbrRnB41A==",
        "dependencies": {}
      },
      "@esbuild/linux-x64@0.21.5": {
        "integrity": "sha512-1rYdTpyv03iycF1+BhzrzQJCdOuAOtaqHTWJZCWvijKD2N5Xu0TtVC8/+1faWqcP9iBCWOmjmhoH94dH82BxPQ==",
        "dependencies": {}
      },
      "@esbuild/netbsd-x64@0.21.5": {
        "integrity": "sha512-Woi2MXzXjMULccIwMnLciyZH4nCIMpWQAs049KEeMvOcNADVxo0UBIQPfSmxB3CWKedngg7sWZdLvLczpe0tLg==",
        "dependencies": {}
      },
      "@esbuild/openbsd-x64@0.21.5": {
        "integrity": "sha512-HLNNw99xsvx12lFBUwoT8EVCsSvRNDVxNpjZ7bPn947b8gJPzeHWyNVhFsaerc0n3TsbOINvRP2byTZ5LKezow==",
        "dependencies": {}
      },
      "@esbuild/sunos-x64@0.21.5": {
        "integrity": "sha512-6+gjmFpfy0BHU5Tpptkuh8+uw3mnrvgs+dSPQXQOv3ekbordwnzTVEb4qnIvQcYXq6gzkyTnoZ9dZG+D4garKg==",
        "dependencies": {}
      },
      "@esbuild/win32-arm64@0.21.5": {
        "integrity": "sha512-Z0gOTd75VvXqyq7nsl93zwahcTROgqvuAcYDUr+vOv8uHhNSKROyU961kgtCD1e95IqPKSQKH7tBTslnS3tA8A==",
        "dependencies": {}
      },
      "@esbuild/win32-ia32@0.21.5": {
        "integrity": "sha512-SWXFF1CL2RVNMaVs+BBClwtfZSvDgtL//G/smwAc5oVK/UPu2Gu9tIaRgFmYFFKrmg3SyAjSrElf0TiJ1v8fYA==",
        "dependencies": {}
      },
      "@esbuild/win32-x64@0.21.5": {
        "integrity": "sha512-tQd/1efJuzPC6rCFwEvLtci/xNFcTZknmXs98FYDfGE4wP9ClFV98nyKrzJKVPMhdDnjzLhdUyMX4PsQAPjwIw==",
        "dependencies": {}
      },
      "@isaacs/cliui@8.0.2": {
        "integrity": "sha512-O8jcjabXaleOG9DQ0+ARXWZBTfnP4WNAqzuiJK7ll44AmxGKv/J2M4TPjxjY3znBCfvBXFzucm1twdyFybFqEA==",
        "dependencies": {
          "string-width": "string-width@5.1.2",
          "string-width-cjs": "string-width@4.2.3",
          "strip-ansi": "strip-ansi@7.1.0",
          "strip-ansi-cjs": "strip-ansi@6.0.1",
          "wrap-ansi": "wrap-ansi@8.1.0",
          "wrap-ansi-cjs": "wrap-ansi@7.0.0"
        }
      },
      "@pkgjs/parseargs@0.11.0": {
        "integrity": "sha512-+1VkjdD0QBLPodGrJUeqarH8VAIvQODIbwh9XpP5Syisf7YoQgsJKPNFoqqLQlu+VQ/tVSshMR6loPMn8U+dPg==",
        "dependencies": {}
      },
      "@rollup/rollup-android-arm-eabi@4.18.0": {
        "integrity": "sha512-Tya6xypR10giZV1XzxmH5wr25VcZSncG0pZIjfePT0OVBvqNEurzValetGNarVrGiq66EBVAFn15iYX4w6FKgQ==",
        "dependencies": {}
      },
      "@rollup/rollup-android-arm64@4.18.0": {
        "integrity": "sha512-avCea0RAP03lTsDhEyfy+hpfr85KfyTctMADqHVhLAF3MlIkq83CP8UfAHUssgXTYd+6er6PaAhx/QGv4L1EiA==",
        "dependencies": {}
      },
      "@rollup/rollup-darwin-arm64@4.18.0": {
        "integrity": "sha512-IWfdwU7KDSm07Ty0PuA/W2JYoZ4iTj3TUQjkVsO/6U+4I1jN5lcR71ZEvRh52sDOERdnNhhHU57UITXz5jC1/w==",
        "dependencies": {}
      },
      "@rollup/rollup-darwin-x64@4.18.0": {
        "integrity": "sha512-n2LMsUz7Ynu7DoQrSQkBf8iNrjOGyPLrdSg802vk6XT3FtsgX6JbE8IHRvposskFm9SNxzkLYGSq9QdpLYpRNA==",
        "dependencies": {}
      },
      "@rollup/rollup-linux-arm-gnueabihf@4.18.0": {
        "integrity": "sha512-C/zbRYRXFjWvz9Z4haRxcTdnkPt1BtCkz+7RtBSuNmKzMzp3ZxdM28Mpccn6pt28/UWUCTXa+b0Mx1k3g6NOMA==",
        "dependencies": {}
      },
      "@rollup/rollup-linux-arm-musleabihf@4.18.0": {
        "integrity": "sha512-l3m9ewPgjQSXrUMHg93vt0hYCGnrMOcUpTz6FLtbwljo2HluS4zTXFy2571YQbisTnfTKPZ01u/ukJdQTLGh9A==",
        "dependencies": {}
      },
      "@rollup/rollup-linux-arm64-gnu@4.18.0": {
        "integrity": "sha512-rJ5D47d8WD7J+7STKdCUAgmQk49xuFrRi9pZkWoRD1UeSMakbcepWXPF8ycChBoAqs1pb2wzvbY6Q33WmN2ftw==",
        "dependencies": {}
      },
      "@rollup/rollup-linux-arm64-musl@4.18.0": {
        "integrity": "sha512-be6Yx37b24ZwxQ+wOQXXLZqpq4jTckJhtGlWGZs68TgdKXJgw54lUUoFYrg6Zs/kjzAQwEwYbp8JxZVzZLRepQ==",
        "dependencies": {}
      },
      "@rollup/rollup-linux-powerpc64le-gnu@4.18.0": {
        "integrity": "sha512-hNVMQK+qrA9Todu9+wqrXOHxFiD5YmdEi3paj6vP02Kx1hjd2LLYR2eaN7DsEshg09+9uzWi2W18MJDlG0cxJA==",
        "dependencies": {}
      },
      "@rollup/rollup-linux-riscv64-gnu@4.18.0": {
        "integrity": "sha512-ROCM7i+m1NfdrsmvwSzoxp9HFtmKGHEqu5NNDiZWQtXLA8S5HBCkVvKAxJ8U+CVctHwV2Gb5VUaK7UAkzhDjlg==",
        "dependencies": {}
      },
      "@rollup/rollup-linux-s390x-gnu@4.18.0": {
        "integrity": "sha512-0UyyRHyDN42QL+NbqevXIIUnKA47A+45WyasO+y2bGJ1mhQrfrtXUpTxCOrfxCR4esV3/RLYyucGVPiUsO8xjg==",
        "dependencies": {}
      },
      "@rollup/rollup-linux-x64-gnu@4.18.0": {
        "integrity": "sha512-xuglR2rBVHA5UsI8h8UbX4VJ470PtGCf5Vpswh7p2ukaqBGFTnsfzxUBetoWBWymHMxbIG0Cmx7Y9qDZzr648w==",
        "dependencies": {}
      },
      "@rollup/rollup-linux-x64-musl@4.18.0": {
        "integrity": "sha512-LKaqQL9osY/ir2geuLVvRRs+utWUNilzdE90TpyoX0eNqPzWjRm14oMEE+YLve4k/NAqCdPkGYDaDF5Sw+xBfg==",
        "dependencies": {}
      },
      "@rollup/rollup-win32-arm64-msvc@4.18.0": {
        "integrity": "sha512-7J6TkZQFGo9qBKH0pk2cEVSRhJbL6MtfWxth7Y5YmZs57Pi+4x6c2dStAUvaQkHQLnEQv1jzBUW43GvZW8OFqA==",
        "dependencies": {}
      },
      "@rollup/rollup-win32-ia32-msvc@4.18.0": {
        "integrity": "sha512-Txjh+IxBPbkUB9+SXZMpv+b/vnTEtFyfWZgJ6iyCmt2tdx0OF5WhFowLmnh8ENGNpfUlUZkdI//4IEmhwPieNg==",
        "dependencies": {}
      },
      "@rollup/rollup-win32-x64-msvc@4.18.0": {
        "integrity": "sha512-UOo5FdvOL0+eIVTgS4tIdbW+TtnBLWg1YBCcU2KWM7nuNwRz9bksDX1bekJJCpu25N1DVWaCwnT39dVQxzqS8g==",
        "dependencies": {}
      },
      "@types/estree@1.0.5": {
        "integrity": "sha512-/kYRxGDLWzHOB7q+wtSUQlFrtcdUccpfy+X+9iMBpHK8QLLhx2wIPYuS5DYtR9Wa/YlZAbIovy7qVdB1Aq6Lyw==",
        "dependencies": {}
      },
      "@types/node@18.16.19": {
        "integrity": "sha512-IXl7o+R9iti9eBW4Wg2hx1xQDig183jj7YLn8F7udNceyfkbn1ZxmzZXuak20gR40D7pIkIY1kYGx5VIGbaHKA==",
        "dependencies": {}
      },
      "ansi-regex@5.0.1": {
        "integrity": "sha512-quJQXlTSUGL2LH9SUXo8VwsY4soanhgo6LNSm84E1LBcE8s3O0wpdiRzyR9z/ZZJMlMWv37qOOb9pdJlMUEKFQ==",
        "dependencies": {}
      },
      "ansi-regex@6.0.1": {
        "integrity": "sha512-n5M855fKb2SsfMIiFFoVrABHJC8QtHwVx+mHWP3QcEqBHYienj5dHSgjbxtC0WEZXYt4wcD6zrQElDPhFuZgfA==",
        "dependencies": {}
      },
      "ansi-styles@4.3.0": {
        "integrity": "sha512-zbB9rCJAT1rbjiVDb2hqKFHNYLxgtk8NURxZ3IZwD3F6NtxbXZQCnnSi1Lkx+IDohdPlFp222wVALIheZJQSEg==",
        "dependencies": {
          "color-convert": "color-convert@2.0.1"
        }
      },
      "ansi-styles@6.2.1": {
        "integrity": "sha512-bN798gFfQX+viw3R7yrGWRqnrN2oRkEkUjjl4JNn4E8GxxbjtG3FbrEIIY3l8/hrwUwIeCZvi4QuOTP4MErVug==",
        "dependencies": {}
      },
      "balanced-match@1.0.2": {
        "integrity": "sha512-3oSeUO0TMV67hN1AmbXsK4yaqU7tjiHlbxRDZOpH0KW9+CeX4bRAaX0Anxt0tx2MrpRpWwQaPwIlISEJhYU5Pw==",
        "dependencies": {}
      },
      "brace-expansion@2.0.1": {
        "integrity": "sha512-XnAIvQ8eM+kC6aULx6wuQiwVsnzsi9d3WxzV3FpWTGA19F621kwdbsAcFKXgKUHZWsy+mY6iL1sHTxWEFCytDA==",
        "dependencies": {
          "balanced-match": "balanced-match@1.0.2"
        }
      },
      "color-convert@2.0.1": {
        "integrity": "sha512-RRECPsj7iu/xb5oKYcsFHSppFNnsj/52OVTRKb4zP5onXwVF3zVmmToNcOfGC+CRDpfK/U584fMg38ZHCaElKQ==",
        "dependencies": {
          "color-name": "color-name@1.1.4"
        }
      },
      "color-name@1.1.4": {
        "integrity": "sha512-dOy+3AuW3a2wNbZHIuMZpTcgjGuLU/uBL/ubcZF9OXbDo8ff4O8yVp5Bf0efS8uEoYo5q4Fx7dY9OgQGXgAsQA==",
        "dependencies": {}
      },
      "cross-spawn@7.0.3": {
        "integrity": "sha512-iRDPJKUPVEND7dHPO8rkbOnPpyDygcDFtWjpeWNCgy8WP2rXcxXL8TskReQl6OrB2G7+UJrags1q15Fudc7G6w==",
        "dependencies": {
          "path-key": "path-key@3.1.1",
          "shebang-command": "shebang-command@2.0.0",
          "which": "which@2.0.2"
        }
      },
      "eastasianwidth@0.2.0": {
        "integrity": "sha512-I88TYZWc9XiYHRQ4/3c5rjjfgkjhLyW2luGIheGERbNQ6OY7yTybanSpDXZa8y7VUP9YmDcYa+eyq4ca7iLqWA==",
        "dependencies": {}
      },
      "emoji-regex@8.0.0": {
        "integrity": "sha512-MSjYzcWNOA0ewAHpz0MxpYFvwg6yjy1NG3xteoqz644VCo/RPgnr1/GGt+ic3iJTzQ8Eu3TdM14SawnVUmGE6A==",
        "dependencies": {}
      },
      "emoji-regex@9.2.2": {
        "integrity": "sha512-L18DaJsXSUk2+42pv8mLs5jJT2hqFkFE4j21wOmgbUqsZ2hL72NsUU785g9RXgo3s0ZNgVl42TiHp3ZtOv/Vyg==",
        "dependencies": {}
      },
      "esbuild@0.21.5": {
        "integrity": "sha512-mg3OPMV4hXywwpoDxu3Qda5xCKQi+vCTZq8S9J/EpkhB2HzKXq4SNFZE3+NK93JYxc8VMSep+lOUSC/RVKaBqw==",
        "dependencies": {
          "@esbuild/aix-ppc64": "@esbuild/aix-ppc64@0.21.5",
          "@esbuild/android-arm": "@esbuild/android-arm@0.21.5",
          "@esbuild/android-arm64": "@esbuild/android-arm64@0.21.5",
          "@esbuild/android-x64": "@esbuild/android-x64@0.21.5",
          "@esbuild/darwin-arm64": "@esbuild/darwin-arm64@0.21.5",
          "@esbuild/darwin-x64": "@esbuild/darwin-x64@0.21.5",
          "@esbuild/freebsd-arm64": "@esbuild/freebsd-arm64@0.21.5",
          "@esbuild/freebsd-x64": "@esbuild/freebsd-x64@0.21.5",
          "@esbuild/linux-arm": "@esbuild/linux-arm@0.21.5",
          "@esbuild/linux-arm64": "@esbuild/linux-arm64@0.21.5",
          "@esbuild/linux-ia32": "@esbuild/linux-ia32@0.21.5",
          "@esbuild/linux-loong64": "@esbuild/linux-loong64@0.21.5",
          "@esbuild/linux-mips64el": "@esbuild/linux-mips64el@0.21.5",
          "@esbuild/linux-ppc64": "@esbuild/linux-ppc64@0.21.5",
          "@esbuild/linux-riscv64": "@esbuild/linux-riscv64@0.21.5",
          "@esbuild/linux-s390x": "@esbuild/linux-s390x@0.21.5",
          "@esbuild/linux-x64": "@esbuild/linux-x64@0.21.5",
          "@esbuild/netbsd-x64": "@esbuild/netbsd-x64@0.21.5",
          "@esbuild/openbsd-x64": "@esbuild/openbsd-x64@0.21.5",
          "@esbuild/sunos-x64": "@esbuild/sunos-x64@0.21.5",
          "@esbuild/win32-arm64": "@esbuild/win32-arm64@0.21.5",
          "@esbuild/win32-ia32": "@esbuild/win32-ia32@0.21.5",
          "@esbuild/win32-x64": "@esbuild/win32-x64@0.21.5"
        }
      },
      "foreground-child@3.2.1": {
        "integrity": "sha512-PXUUyLqrR2XCWICfv6ukppP96sdFwWbNEnfEMt7jNsISjMsvaLNinAHNDYyvkyU+SZG2BTSbT5NjG+vZslfGTA==",
        "dependencies": {
          "cross-spawn": "cross-spawn@7.0.3",
          "signal-exit": "signal-exit@4.1.0"
        }
      },
      "fsevents@2.3.3": {
        "integrity": "sha512-5xoDfX+fL7faATnagmWPpbFtwh/R77WmMMqqHGS65C3vvB0YHrgF+B1YmZ3441tMj5n63k0212XNoJwzlhffQw==",
        "dependencies": {}
      },
      "glob@10.4.2": {
        "integrity": "sha512-GwMlUF6PkPo3Gk21UxkCohOv0PLcIXVtKyLlpEI28R/cO/4eNOdmLk3CMW1wROV/WR/EsZOWAfBbBOqYvs88/w==",
        "dependencies": {
          "foreground-child": "foreground-child@3.2.1",
          "jackspeak": "jackspeak@3.4.0",
          "minimatch": "minimatch@9.0.5",
          "minipass": "minipass@7.1.2",
          "package-json-from-dist": "package-json-from-dist@1.0.0",
          "path-scurry": "path-scurry@1.11.1"
        }
      },
      "is-fullwidth-code-point@3.0.0": {
        "integrity": "sha512-zymm5+u+sCsSWyD9qNaejV3DFvhCKclKdizYaJUuHA83RLjb7nSuGnddCHGv0hk+KY7BMAlsWeK4Ueg6EV6XQg==",
        "dependencies": {}
      },
      "isexe@2.0.0": {
        "integrity": "sha512-RHxMLp9lnKHGHRng9QFhRCMbYAcVpn69smSGcq3f36xjgVVWThj4qqLbTLlq7Ssj8B+fIQ1EuCEGI2lKsyQeIw==",
        "dependencies": {}
      },
      "isexe@3.1.1": {
        "integrity": "sha512-LpB/54B+/2J5hqQ7imZHfdU31OlgQqx7ZicVlkm9kzg9/w8GKLEcFfJl/t7DCEDueOyBAD6zCCwTO6Fzs0NoEQ==",
        "dependencies": {}
      },
      "jackspeak@3.4.0": {
        "integrity": "sha512-JVYhQnN59LVPFCEcVa2C3CrEKYacvjRfqIQl+h8oi91aLYQVWRYbxjPcv1bUiUy/kLmQaANrYfNMCO3kuEDHfw==",
        "dependencies": {
          "@isaacs/cliui": "@isaacs/cliui@8.0.2",
          "@pkgjs/parseargs": "@pkgjs/parseargs@0.11.0"
        }
      },
      "lru-cache@10.3.0": {
        "integrity": "sha512-CQl19J/g+Hbjbv4Y3mFNNXFEL/5t/KCg8POCuUqd4rMKjGG+j1ybER83hxV58zL+dFI1PTkt3GNFSHRt+d8qEQ==",
        "dependencies": {}
      },
      "minimatch@9.0.5": {
        "integrity": "sha512-G6T0ZX48xgozx7587koeX9Ys2NYy6Gmv//P89sEte9V9whIapMNF4idKxnW2QtCcLiTWlb/wfCabAtAFWhhBow==",
        "dependencies": {
          "brace-expansion": "brace-expansion@2.0.1"
        }
      },
      "minipass@7.1.2": {
        "integrity": "sha512-qOOzS1cBTWYF4BH8fVePDBOO9iptMnGUEZwNc/cMWnTV2nVLZ7VoNWEPHkYczZA0pdoA7dl6e7FL659nX9S2aw==",
        "dependencies": {}
      },
      "nanoid@3.3.7": {
        "integrity": "sha512-eSRppjcPIatRIMC1U6UngP8XFcz8MQWGQdt1MTBQ7NaAmvXDfvNxbvWV3x2y6CdEUciCSsDHDQZbhYaB8QEo2g==",
        "dependencies": {}
      },
      "package-json-from-dist@1.0.0": {
        "integrity": "sha512-dATvCeZN/8wQsGywez1mzHtTlP22H8OEfPrVMLNr4/eGa+ijtLn/6M5f0dY8UKNrC2O9UCU6SSoG3qRKnt7STw==",
        "dependencies": {}
      },
      "path-key@3.1.1": {
        "integrity": "sha512-ojmeN0qd+y0jszEtoY48r0Peq5dwMEkIlCOu6Q5f41lfkswXuKtYrhgoTpLnyIcHm24Uhqx+5Tqm2InSwLhE6Q==",
        "dependencies": {}
      },
      "path-scurry@1.11.1": {
        "integrity": "sha512-Xa4Nw17FS9ApQFJ9umLiJS4orGjm7ZzwUrwamcGQuHSzDyth9boKDaycYdDcZDuqYATXw4HFXgaqWTctW/v1HA==",
        "dependencies": {
          "lru-cache": "lru-cache@10.3.0",
          "minipass": "minipass@7.1.2"
        }
      },
      "picocolors@1.0.1": {
        "integrity": "sha512-anP1Z8qwhkbmu7MFP5iTt+wQKXgwzf7zTyGlcdzabySa9vd0Xt392U0rVmz9poOaBj0uHJKyyo9/upk0HrEQew==",
        "dependencies": {}
      },
      "postcss@8.4.39": {
        "integrity": "sha512-0vzE+lAiG7hZl1/9I8yzKLx3aR9Xbof3fBHKunvMfOCYAtMhrsnccJY2iTURb9EZd5+pLuiNV9/c/GZJOHsgIw==",
        "dependencies": {
          "nanoid": "nanoid@3.3.7",
          "picocolors": "picocolors@1.0.1",
          "source-map-js": "source-map-js@1.2.0"
        }
      },
      "rollup@4.18.0": {
        "integrity": "sha512-QmJz14PX3rzbJCN1SG4Xe/bAAX2a6NpCP8ab2vfu2GiUr8AQcr2nCV/oEO3yneFarB67zk8ShlIyWb2LGTb3Sg==",
        "dependencies": {
          "@rollup/rollup-android-arm-eabi": "@rollup/rollup-android-arm-eabi@4.18.0",
          "@rollup/rollup-android-arm64": "@rollup/rollup-android-arm64@4.18.0",
          "@rollup/rollup-darwin-arm64": "@rollup/rollup-darwin-arm64@4.18.0",
          "@rollup/rollup-darwin-x64": "@rollup/rollup-darwin-x64@4.18.0",
          "@rollup/rollup-linux-arm-gnueabihf": "@rollup/rollup-linux-arm-gnueabihf@4.18.0",
          "@rollup/rollup-linux-arm-musleabihf": "@rollup/rollup-linux-arm-musleabihf@4.18.0",
          "@rollup/rollup-linux-arm64-gnu": "@rollup/rollup-linux-arm64-gnu@4.18.0",
          "@rollup/rollup-linux-arm64-musl": "@rollup/rollup-linux-arm64-musl@4.18.0",
          "@rollup/rollup-linux-powerpc64le-gnu": "@rollup/rollup-linux-powerpc64le-gnu@4.18.0",
          "@rollup/rollup-linux-riscv64-gnu": "@rollup/rollup-linux-riscv64-gnu@4.18.0",
          "@rollup/rollup-linux-s390x-gnu": "@rollup/rollup-linux-s390x-gnu@4.18.0",
          "@rollup/rollup-linux-x64-gnu": "@rollup/rollup-linux-x64-gnu@4.18.0",
          "@rollup/rollup-linux-x64-musl": "@rollup/rollup-linux-x64-musl@4.18.0",
          "@rollup/rollup-win32-arm64-msvc": "@rollup/rollup-win32-arm64-msvc@4.18.0",
          "@rollup/rollup-win32-ia32-msvc": "@rollup/rollup-win32-ia32-msvc@4.18.0",
          "@rollup/rollup-win32-x64-msvc": "@rollup/rollup-win32-x64-msvc@4.18.0",
          "@types/estree": "@types/estree@1.0.5",
          "fsevents": "fsevents@2.3.3"
        }
      },
      "shebang-command@2.0.0": {
        "integrity": "sha512-kHxr2zZpYtdmrN1qDjrrX/Z1rR1kG8Dx+gkpK1G4eXmvXswmcE1hTWBWYUzlraYw1/yZp6YuDY77YtvbN0dmDA==",
        "dependencies": {
          "shebang-regex": "shebang-regex@3.0.0"
        }
      },
      "shebang-regex@3.0.0": {
        "integrity": "sha512-7++dFhtcx3353uBaq8DDR4NuxBetBzC7ZQOhmTQInHEd6bSrXdiEyzCvG07Z44UYdLShWUyXt5M/yhz8ekcb1A==",
        "dependencies": {}
      },
      "signal-exit@4.1.0": {
        "integrity": "sha512-bzyZ1e88w9O1iNJbKnOlvYTrWPDl46O1bG0D3XInv+9tkPrxrN8jUUTiFlDkkmKWgn1M6CfIA13SuGqOa9Korw==",
        "dependencies": {}
      },
      "source-map-js@1.2.0": {
        "integrity": "sha512-itJW8lvSA0TXEphiRoawsCksnlf8SyvmFzIhltqAHluXd88pkCd+cXJVHTDwdCr0IzwptSm035IHQktUu1QUMg==",
        "dependencies": {}
      },
      "string-width@4.2.3": {
        "integrity": "sha512-wKyQRQpjJ0sIp62ErSZdGsjMJWsap5oRNihHhu6G7JVO/9jIB6UyevL+tXuOqrng8j/cxKTWyWUwvSTriiZz/g==",
        "dependencies": {
          "emoji-regex": "emoji-regex@8.0.0",
          "is-fullwidth-code-point": "is-fullwidth-code-point@3.0.0",
          "strip-ansi": "strip-ansi@6.0.1"
        }
      },
      "string-width@5.1.2": {
        "integrity": "sha512-HnLOCR3vjcY8beoNLtcjZ5/nxn2afmME6lhrDrebokqMap+XbeW8n9TXpPDOqdGK5qcI3oT0GKTW6wC7EMiVqA==",
        "dependencies": {
          "eastasianwidth": "eastasianwidth@0.2.0",
          "emoji-regex": "emoji-regex@9.2.2",
          "strip-ansi": "strip-ansi@7.1.0"
        }
      },
      "strip-ansi@6.0.1": {
        "integrity": "sha512-Y38VPSHcqkFrCpFnQ9vuSXmquuv5oXOKpGeT6aGrr3o3Gc9AlVa6JBfUSOCnbxGGZF+/0ooI7KrPuUSztUdU5A==",
        "dependencies": {
          "ansi-regex": "ansi-regex@5.0.1"
        }
      },
      "strip-ansi@7.1.0": {
        "integrity": "sha512-iq6eVVI64nQQTRYq2KtEg2d2uU7LElhTJwsH4YzIHZshxlgZms/wIc4VoDQTlG/IvVIrBKG06CrZnp0qv7hkcQ==",
        "dependencies": {
          "ansi-regex": "ansi-regex@6.0.1"
        }
      },
      "vite@5.3.3_@types+node@18.16.19": {
        "integrity": "sha512-NPQdeCU0Dv2z5fu+ULotpuq5yfCS1BzKUIPhNbP3YBfAMGJXbt2nS+sbTFu+qchaqWTD+H3JK++nRwr6XIcp6A==",
        "dependencies": {
          "@types/node": "@types/node@18.16.19",
          "esbuild": "esbuild@0.21.5",
          "fsevents": "fsevents@2.3.3",
          "postcss": "postcss@8.4.39",
          "rollup": "rollup@4.18.0"
        }
      },
      "which@2.0.2": {
        "integrity": "sha512-BLI3Tl1TW3Pvl70l3yq3Y64i+awpwXqsGBYWkkqMtnbXgrMD+yj7rhW0kuEDxzJaYXGjEW5ogapKNMEKNMjibA==",
        "dependencies": {
          "isexe": "isexe@2.0.0"
        }
      },
      "which@4.0.0": {
        "integrity": "sha512-GlaYyEb07DPxYCKhKzplCWBJtvxZcZMrL+4UkrTSJHHPyZU4mYYTv3qaOe77H7EODLSSopAUFAc6W8U4yqvscg==",
        "dependencies": {
          "isexe": "isexe@3.1.1"
        }
      },
      "wrap-ansi@7.0.0": {
        "integrity": "sha512-YVGIj2kamLSTxw6NsZjoBxfSwsn0ycdesmc4p+Q21c5zPuZ1pl+NfxVdxPtdHvmNVOQ6XSYG4AUtyt/Fi7D16Q==",
        "dependencies": {
          "ansi-styles": "ansi-styles@4.3.0",
          "string-width": "string-width@4.2.3",
          "strip-ansi": "strip-ansi@6.0.1"
        }
      },
      "wrap-ansi@8.1.0": {
        "integrity": "sha512-si7QWI6zUMq56bESFvagtmzMdGOtoxfR+Sez11Mobfc7tm+VkUckk9bW2UeffTGVUbOksxmSw0AA2gs8g71NCQ==",
        "dependencies": {
          "ansi-styles": "ansi-styles@6.2.1",
          "string-width": "string-width@5.1.2",
          "strip-ansi": "strip-ansi@7.1.0"
        }
      }
    }
  },
  "remote": {},
  "workspace": {
    "dependencies": [
      "jsr:@std/assert@^0.226.0",
      "jsr:@std/expect@^0.224.5",
      "jsr:@std/fs@^0.229.3",
      "jsr:@std/path@^0.225.2",
      "npm:glob@^10.4.2",
      "npm:vite@^5.3.3",
      "npm:which@^4.0.0"
    ]
  }
}
